
Microsoft Visual Studio Solution File, Format Version 11.00
# Visual Studio 2010
Project("{FAE04EC0-301F-11D3-BF4B-00C04F79EFBC}") = "FileMonitorForMac", "FileMonitorForMac\FileMonitorForMac.csproj", "{83454213-9B80-4B8D-A983-DD417F96B03F}"
EndProject
Global
	GlobalSection(SolutionConfigurationPlatforms) = preSolution
		Debug|x86 = Debug|x86
		Release|x86 = Release|x86
	EndGlobalSection
	GlobalSection(ProjectConfigurationPlatforms) = postSolution
		{83454213-9B80-4B8D-A983-DD417F96B03F}.Debug|x86.ActiveCfg = Debug|x86
		{83454213-9B80-4B8D-A983-DD417F96B03F}.Debug|x86.Build.0 = Debug|x86
		{83454213-9B80-4B8D-A983-DD417F96B03F}.Release|x86.ActiveCfg = Release|x86
		{83454213-9B80-4B8D-A983-DD417F96B03F}.Release|x86.Build.0 = Release|x86
	EndGlobalSection
	GlobalSection(MonoDevelopProperties) = preSolution
		StartupItem = FileMonitorForMac\FileMonitorForMac.csproj
	EndGlobalSection
EndGlobal
